
Microsoft Visual Studio Solution File, Format Version 12.00
# Visual Studio Version 17
VisualStudioVersion = 17.5.002.0
MinimumVisualStudioVersion = 10.0.40219.1
Project("{9A19103F-16F7-4668-BE54-9A1E7A4F7556}") = "Calcularsoma", "Calcularsoma.csproj", "{CE81E493-8AE4-44EB-8C15-A4B9602BC36A}"
EndProject
Global
	GlobalSection(SolutionConfigurationPlatforms) = preSolution
		Debug|Any CPU = Debug|Any CPU
		Release|Any CPU = Release|Any CPU
	EndGlobalSection
	GlobalSection(ProjectConfigurationPlatforms) = postSolution
		{CE81E493-8AE4-44EB-8C15-A4B9602BC36A}.Debug|Any CPU.ActiveCfg = Debug|Any CPU
		{CE81E493-8AE4-44EB-8C15-A4B9602BC36A}.Debug|Any CPU.Build.0 = Debug|Any CPU
		{CE81E493-8AE4-44EB-8C15-A4B9602BC36A}.Release|Any CPU.ActiveCfg = Release|Any CPU
		{CE81E493-8AE4-44EB-8C15-A4B9602BC36A}.Release|Any CPU.Build.0 = Release|Any CPU
	EndGlobalSection
	GlobalSection(SolutionProperties) = preSolution
		HideSolutionNode = FALSE
	EndGlobalSection
	GlobalSection(ExtensibilityGlobals) = postSolution
		SolutionGuid = {A5F0D444-5DD0-410E-9455-9D5CB87520C2}
	EndGlobalSection
EndGlobal
