
Microsoft Visual Studio Solution File, Format Version 12.00
# Visual Studio Version 17
VisualStudioVersion = 17.5.002.0
MinimumVisualStudioVersion = 10.0.40219.1
Project("{9A19103F-16F7-4668-BE54-9A1E7A4F7556}") = "Calcularsoma", "Calcularsoma\Calcularsoma.csproj", "{897C7F50-0F0A-43AB-B3A9-6F07A771E873}"
EndProject
Project("{9A19103F-16F7-4668-BE54-9A1E7A4F7556}") = "Sequênciafibonacci", "Sequênciafibonacci\Sequênciafibonacci.csproj", "{772B173B-A246-4349-98FE-E0B627547A3D}"
EndProject
Global
	GlobalSection(SolutionConfigurationPlatforms) = preSolution
		Debug|Any CPU = Debug|Any CPU
		Release|Any CPU = Release|Any CPU
	EndGlobalSection
	GlobalSection(ProjectConfigurationPlatforms) = postSolution
		{897C7F50-0F0A-43AB-B3A9-6F07A771E873}.Debug|Any CPU.ActiveCfg = Debug|Any CPU
		{897C7F50-0F0A-43AB-B3A9-6F07A771E873}.Debug|Any CPU.Build.0 = Debug|Any CPU
		{897C7F50-0F0A-43AB-B3A9-6F07A771E873}.Release|Any CPU.ActiveCfg = Release|Any CPU
		{897C7F50-0F0A-43AB-B3A9-6F07A771E873}.Release|Any CPU.Build.0 = Release|Any CPU
		{772B173B-A246-4349-98FE-E0B627547A3D}.Debug|Any CPU.ActiveCfg = Debug|Any CPU
		{772B173B-A246-4349-98FE-E0B627547A3D}.Debug|Any CPU.Build.0 = Debug|Any CPU
		{772B173B-A246-4349-98FE-E0B627547A3D}.Release|Any CPU.ActiveCfg = Release|Any CPU
		{772B173B-A246-4349-98FE-E0B627547A3D}.Release|Any CPU.Build.0 = Release|Any CPU
	EndGlobalSection
	GlobalSection(SolutionProperties) = preSolution
		HideSolutionNode = FALSE
	EndGlobalSection
	GlobalSection(ExtensibilityGlobals) = postSolution
		SolutionGuid = {A5F0D444-5DD0-410E-9455-9D5CB87520C2}
	EndGlobalSection
EndGlobal
